
Microsoft Visual Studio Solution File, Format Version 12.00
Project("{FAE04EC0-301F-11D3-BF4B-00C04F79EFBC}") = "XIVLauncher2", "XIVLauncher2\XIVLauncher2.csproj", "{92F61103-FC83-48D6-8678-B1DDD1B8BEEA}"
EndProject
Project("{FAE04EC0-301F-11D3-BF4B-00C04F79EFBC}") = "XIVLauncher2.Common", "XIVLauncher2.Common\XIVLauncher2.Common.csproj", "{A19943FC-450A-4F99-AB0D-B43EB910EFB9}"
EndProject
Project("{FAE04EC0-301F-11D3-BF4B-00C04F79EFBC}") = "XIVLauncher2.Common.Unix", "XIVLauncher2.Common.Unix\XIVLauncher2.Common.Unix.csproj", "{74160ED3-9F5A-486A-9F1A-4B1F21BCE0AD}"
EndProject
Project("{FAE04EC0-301F-11D3-BF4B-00C04F79EFBC}") = "XIVLauncher2.Common.Windows", "XIVLauncher2.Common.Windows\XIVLauncher2.Common.Windows.csproj", "{A3DC19C7-CE2C-489F-9602-50E41DC4FEA7}"
EndProject
Global
	GlobalSection(SolutionConfigurationPlatforms) = preSolution
		Debug|Any CPU = Debug|Any CPU
		Release|Any CPU = Release|Any CPU
	EndGlobalSection
	GlobalSection(ProjectConfigurationPlatforms) = postSolution
		{92F61103-FC83-48D6-8678-B1DDD1B8BEEA}.Debug|Any CPU.ActiveCfg = Debug|Any CPU
		{92F61103-FC83-48D6-8678-B1DDD1B8BEEA}.Debug|Any CPU.Build.0 = Debug|Any CPU
		{92F61103-FC83-48D6-8678-B1DDD1B8BEEA}.Release|Any CPU.ActiveCfg = Release|Any CPU
		{92F61103-FC83-48D6-8678-B1DDD1B8BEEA}.Release|Any CPU.Build.0 = Release|Any CPU
		{A19943FC-450A-4F99-AB0D-B43EB910EFB9}.Debug|Any CPU.ActiveCfg = Debug|Any CPU
		{A19943FC-450A-4F99-AB0D-B43EB910EFB9}.Debug|Any CPU.Build.0 = Debug|Any CPU
		{A19943FC-450A-4F99-AB0D-B43EB910EFB9}.Release|Any CPU.ActiveCfg = Release|Any CPU
		{A19943FC-450A-4F99-AB0D-B43EB910EFB9}.Release|Any CPU.Build.0 = Release|Any CPU
		{74160ED3-9F5A-486A-9F1A-4B1F21BCE0AD}.Debug|Any CPU.ActiveCfg = Debug|Any CPU
		{74160ED3-9F5A-486A-9F1A-4B1F21BCE0AD}.Debug|Any CPU.Build.0 = Debug|Any CPU
		{74160ED3-9F5A-486A-9F1A-4B1F21BCE0AD}.Release|Any CPU.ActiveCfg = Release|Any CPU
		{74160ED3-9F5A-486A-9F1A-4B1F21BCE0AD}.Release|Any CPU.Build.0 = Release|Any CPU
		{A3DC19C7-CE2C-489F-9602-50E41DC4FEA7}.Debug|Any CPU.ActiveCfg = Debug|Any CPU
		{A3DC19C7-CE2C-489F-9602-50E41DC4FEA7}.Debug|Any CPU.Build.0 = Debug|Any CPU
		{A3DC19C7-CE2C-489F-9602-50E41DC4FEA7}.Release|Any CPU.ActiveCfg = Release|Any CPU
		{A3DC19C7-CE2C-489F-9602-50E41DC4FEA7}.Release|Any CPU.Build.0 = Release|Any CPU
	EndGlobalSection
EndGlobal
